Microsoft Visual Studio Solution File, Format Version 12.00
# Visual Studio Version 17
VisualStudioVersion = 17.5.2.0
MinimumVisualStudioVersion = 10.0.40219.1
Project("{FAE04EC0-301F-11D3-BF4B-00C04F79EFBC}") = "WestCoastEducation", "WestCoastEducation.csproj", "{0CCE94A3-41B9-D8A2-6C73-B61C50542A40}"
EndProject
Global
	GlobalSection(SolutionConfigurationPlatforms) = preSolution
		Debug|Any CPU = Debug|Any CPU
		Release|Any CPU = Release|Any CPU
	EndGlobalSection
	GlobalSection(ProjectConfigurationPlatforms) = postSolution
		{0CCE94A3-41B9-D8A2-6C73-B61C50542A40}.Debug|Any CPU.ActiveCfg = Debug|Any CPU
		{0CCE94A3-41B9-D8A2-6C73-B61C50542A40}.Debug|Any CPU.Build.0 = Debug|Any CPU
		{0CCE94A3-41B9-D8A2-6C73-B61C50542A40}.Release|Any CPU.ActiveCfg = Release|Any CPU
		{0CCE94A3-41B9-D8A2-6C73-B61C50542A40}.Release|Any CPU.Build.0 = Release|Any CPU
	EndGlobalSection
	GlobalSection(SolutionProperties) = preSolution
		HideSolutionNode = FALSE
	EndGlobalSection
	GlobalSection(ExtensibilityGlobals) = postSolution
		SolutionGuid = {B951D8A8-7843-4D23-8EBD-0406D47DF26E}
	EndGlobalSection
EndGlobal
